
Microsoft Visual Studio Solution File, Format Version 12.00
# Visual Studio 2013
VisualStudioVersion = 12.0.31101.0
MinimumVisualStudioVersion = 10.0.40219.1
Project("{2150E333-8FDC-42A3-9474-1A3956D46DE8}") = "PublishScripts", "PublishScripts", "{57B50938-C4AB-4CE2-BA02-32C146CE6B43}"
	ProjectSection(SolutionItems) = preProject
		PublishScripts\AzureWebsitePublishModule.psm1 = PublishScripts\AzureWebsitePublishModule.psm1
		PublishScripts\Publish-WebApplicationWebsite.ps1 = PublishScripts\Publish-WebApplicationWebsite.ps1
	EndProjectSection
EndProject
Project("{2150E333-8FDC-42A3-9474-1A3956D46DE8}") = "Configurations", "Configurations", "{761FF354-5B73-4F53-AD26-8CB6E0CFCD7A}"
	ProjectSection(SolutionItems) = preProject
		PublishScripts\Configurations\WebApplication1-WAWS-dev.json = PublishScripts\Configurations\WebApplication1-WAWS-dev.json
	EndProjectSection
EndProject
Project("{FAE04EC0-301F-11D3-BF4B-00C04F79EFBC}") = "YourGoodreads", "Web\YourGoodreads.csproj", "{CC9CCF31-D3C6-4894-8D32-0B5ED24F2476}"
EndProject
Global
	GlobalSection(SolutionConfigurationPlatforms) = preSolution
		Debug|Any CPU = Debug|Any CPU
		Release|Any CPU = Release|Any CPU
	EndGlobalSection
	GlobalSection(ProjectConfigurationPlatforms) = postSolution
		{CC9CCF31-D3C6-4894-8D32-0B5ED24F2476}.Debug|Any CPU.ActiveCfg = Debug|Any CPU
		{CC9CCF31-D3C6-4894-8D32-0B5ED24F2476}.Debug|Any CPU.Build.0 = Debug|Any CPU
		{CC9CCF31-D3C6-4894-8D32-0B5ED24F2476}.Release|Any CPU.ActiveCfg = Release|Any CPU
		{CC9CCF31-D3C6-4894-8D32-0B5ED24F2476}.Release|Any CPU.Build.0 = Release|Any CPU
	EndGlobalSection
	GlobalSection(SolutionProperties) = preSolution
		HideSolutionNode = FALSE
	EndGlobalSection
	GlobalSection(NestedProjects) = preSolution
		{761FF354-5B73-4F53-AD26-8CB6E0CFCD7A} = {57B50938-C4AB-4CE2-BA02-32C146CE6B43}
	EndGlobalSection
EndGlobal
